// !$*UTF8*$!
{
	archiveVersion = 1;
	classes = {
	};
	objectVersion = 51;
	objects = {

/* Begin PBXBuildFile section */
		351E9477250A65D400A05B6D /* LaunchScreen.storyboard in Resources */ = {isa = PBXBuildFile; fileRef = 351E946C250A65D400A05B6D /* LaunchScreen.storyboard */; };
		351E9478250A65D400A05B6D /* Main.storyboard in Resources */ = {isa = PBXBuildFile; fileRef = 351E946E250A65D400A05B6D /* Main.storyboard */; };
		351E9479250A65D400A05B6D /* AppDelegate.swift in Sources */ = {isa = PBXBuildFile; fileRef = 351E9472250A65D400A05B6D /* AppDelegate.swift */; };
		351E947A250A65D400A05B6D /* SceneDelegate.swift in Sources */ = {isa = PBXBuildFile; fileRef = 351E9473250A65D400A05B6D /* SceneDelegate.swift */; };
		351E947B250A65D400A05B6D /* Assets.xcassets in Resources */ = {isa = PBXBuildFile; fileRef = 351E9475250A65D400A05B6D /* Assets.xcassets */; };
		351E9484250A6BB900A05B6D /* BrowserViewController.swift in Sources */ = {isa = PBXBuildFile; fileRef = 351E9483250A6BB900A05B6D /* BrowserViewController.swift */; };
		351E9487250A6C3100A05B6D /* BrowserTabViewController.swift in Sources */ = {isa = PBXBuildFile; fileRef = 351E9486250A6C3100A05B6D /* BrowserTabViewController.swift */; };
		351E9489250A6C4400A05B6D /* BookmarkViewController.swift in Sources */ = {isa = PBXBuildFile; fileRef = 351E9488250A6C4400A05B6D /* BookmarkViewController.swift */; };
		351E948B250A6C7400A05B6D /* UIColor+ColorConstants.swift in Sources */ = {isa = PBXBuildFile; fileRef = 351E948A250A6C7400A05B6D /* UIColor+ColorConstants.swift */; };
		351E948E250A9D2700A05B6D /* TabTableViewCell.swift in Sources */ = {isa = PBXBuildFile; fileRef = 351E948D250A9D2700A05B6D /* TabTableViewCell.swift */; };
		351E9491250A9D7D00A05B6D /* BookmarkTableViewCell.swift in Sources */ = {isa = PBXBuildFile; fileRef = 351E9490250A9D7D00A05B6D /* BookmarkTableViewCell.swift */; };
		351E9494250AAC0100A05B6D /* Tab.swift in Sources */ = {isa = PBXBuildFile; fileRef = 351E9493250AAC0100A05B6D /* Tab.swift */; };
		351E9496250AB19B00A05B6D /* Bookmark.swift in Sources */ = {isa = PBXBuildFile; fileRef = 351E9495250AB19B00A05B6D /* Bookmark.swift */; };
		351E9499250AB93700A05B6D /* Constants.swift in Sources */ = {isa = PBXBuildFile; fileRef = 351E9498250AB93700A05B6D /* Constants.swift */; };
		351E949B250AC06300A05B6D /* BrowserHelpers.swift in Sources */ = {isa = PBXBuildFile; fileRef = 351E949A250AC06300A05B6D /* BrowserHelpers.swift */; };
		351E94A2250BBB3500A05B6D /* BottomSheetTableViewCell.swift in Sources */ = {isa = PBXBuildFile; fileRef = 351E94A0250BBB3500A05B6D /* BottomSheetTableViewCell.swift */; };
		351E94A3250BBB3500A05B6D /* BottomSheetTableViewCell.xib in Resources */ = {isa = PBXBuildFile; fileRef = 351E94A1250BBB3500A05B6D /* BottomSheetTableViewCell.xib */; };
		4687A80E8C272FD07A3014BA /* Pods_VBrowser.framework in Frameworks */ = {isa = PBXBuildFile; fileRef = BBFDD35515A1D6F9E1DF62A2 /* Pods_VBrowser.framework */; };
/* End PBXBuildFile section */

/* Begin PBXFileReference section */
		351E9453250A63E900A05B6D /* VBrowser.app */ = {isa = PBXFileReference; explicitFileType = wrapper.application; includeInIndex = 0; path = VBrowser.app; sourceTree = BUILT_PRODUCTS_DIR; };
		351E946D250A65D400A05B6D /* Base */ = {isa = PBXFileReference; lastKnownFileType = file.storyboard; name = Base; path = Base.lproj/LaunchScreen.storyboard; sourceTree = "<group>"; };
		351E946F250A65D400A05B6D /* Base */ = {isa = PBXFileReference; lastKnownFileType = file.storyboard; name = Base; path = Base.lproj/Main.storyboard; sourceTree = "<group>"; };
		351E9472250A65D400A05B6D /* AppDelegate.swift */ = {isa = PBXFileReference; fileEncoding = 4; lastKnownFileType = sourcecode.swift; path = AppDelegate.swift; sourceTree = "<group>"; };
		351E9473250A65D400A05B6D /* SceneDelegate.swift */ = {isa = PBXFileReference; fileEncoding = 4; lastKnownFileType = sourcecode.swift; path = SceneDelegate.swift; sourceTree = "<group>"; };
		351E9475250A65D400A05B6D /* Assets.xcassets */ = {isa = PBXFileReference; lastKnownFileType = folder.assetcatalog; path = Assets.xcassets; sourceTree = "<group>"; };
		351E9476250A65D400A05B6D /* Info.plist */ = {isa = PBXFileReference; fileEncoding = 4; lastKnownFileType = text.plist.xml; path = Info.plist; sourceTree = "<group>"; };
		351E9483250A6BB900A05B6D /* BrowserViewController.swift */ = {isa = PBXFileReference; lastKnownFileType = sourcecode.swift; path = BrowserViewController.swift; sourceTree = "<group>"; };
		351E9486250A6C3100A05B6D /* BrowserTabViewController.swift */ = {isa = PBXFileReference; lastKnownFileType = sourcecode.swift; path = BrowserTabViewController.swift; sourceTree = "<group>"; };
		351E9488250A6C4400A05B6D /* BookmarkViewController.swift */ = {isa = PBXFileReference; lastKnownFileType = sourcecode.swift; path = BookmarkViewController.swift; sourceTree = "<group>"; };
		351E948A250A6C7400A05B6D /* UIColor+ColorConstants.swift */ = {isa = PBXFileReference; lastKnownFileType = sourcecode.swift; path = "UIColor+ColorConstants.swift"; sourceTree = "<group>"; };
		351E948D250A9D2700A05B6D /* TabTableViewCell.swift */ = {isa = PBXFileReference; lastKnownFileType = sourcecode.swift; path = TabTableViewCell.swift; sourceTree = "<group>"; };
		351E9490250A9D7D00A05B6D /* BookmarkTableViewCell.swift */ = {isa = PBXFileReference; lastKnownFileType = sourcecode.swift; path = BookmarkTableViewCell.swift; sourceTree = "<group>"; };
		351E9493250AAC0100A05B6D /* Tab.swift */ = {isa = PBXFileReference; lastKnownFileType = sourcecode.swift; path = Tab.swift; sourceTree = "<group>"; };
		351E9495250AB19B00A05B6D /* Bookmark.swift */ = {isa = PBXFileReference; lastKnownFileType = sourcecode.swift; path = Bookmark.swift; sourceTree = "<group>"; };
		351E9498250AB93700A05B6D /* Constants.swift */ = {isa = PBXFileReference; lastKnownFileType = sourcecode.swift; path = Constants.swift; sourceTree = "<group>"; };
		351E949A250AC06300A05B6D /* BrowserHelpers.swift */ = {isa = PBXFileReference; lastKnownFileType = sourcecode.swift; path = BrowserHelpers.swift; sourceTree = "<group>"; };
		351E94A0250BBB3500A05B6D /* BottomSheetTableViewCell.swift */ = {isa = PBXFileReference; lastKnownFileType = sourcecode.swift; path = BottomSheetTableViewCell.swift; sourceTree = "<group>"; };
		351E94A1250BBB3500A05B6D /* BottomSheetTableViewCell.xib */ = {isa = PBXFileReference; lastKnownFileType = file.xib; path = BottomSheetTableViewCell.xib; sourceTree = "<group>"; };
		70E39F554A1517ECF67435A0 /* Pods-VBrowser.release.xcconfig */ = {isa = PBXFileReference; includeInIndex = 1; lastKnownFileType = text.xcconfig; name = "Pods-VBrowser.release.xcconfig"; path = "Target Support Files/Pods-VBrowser/Pods-VBrowser.release.xcconfig"; sourceTree = "<group>"; };
		BBFDD35515A1D6F9E1DF62A2 /* Pods_VBrowser.framework */ = {isa = PBXFileReference; explicitFileType = wrapper.framework; includeInIndex = 0; path = Pods_VBrowser.framework; sourceTree = BUILT_PRODUCTS_DIR; };
		FA3C01A04B433B9DAADB4713 /* Pods-VBrowser.debug.xcconfig */ = {isa = PBXFileReference; includeInIndex = 1; lastKnownFileType = text.xcconfig; name = "Pods-VBrowser.debug.xcconfig"; path = "Target Support Files/Pods-VBrowser/Pods-VBrowser.debug.xcconfig"; sourceTree = "<group>"; };
/* End PBXFileReference section */

/* Begin PBXFrameworksBuildPhase section */
		351E9450250A63E900A05B6D /* Frameworks */ = {
			isa = PBXFrameworksBuildPhase;
			buildActionMask = 2147483647;
			files = (
				4687A80E8C272FD07A3014BA /* Pods_VBrowser.framework in Frameworks */,
			);
			runOnlyForDeploymentPostprocessing = 0;
		};
/* End PBXFrameworksBuildPhase section */

/* Begin PBXGroup section */
		22CB7C44AB712624C2C456A8 /* Pods */ = {
			isa = PBXGroup;
			children = (
				FA3C01A04B433B9DAADB4713 /* Pods-VBrowser.debug.xcconfig */,
				70E39F554A1517ECF67435A0 /* Pods-VBrowser.release.xcconfig */,
			);
			path = Pods;
			sourceTree = "<group>";
		};
		351E944A250A63E900A05B6D = {
			isa = PBXGroup;
			children = (
				351E9455250A63E900A05B6D /* VBrowser */,
				351E9454250A63E900A05B6D /* Products */,
				22CB7C44AB712624C2C456A8 /* Pods */,
				A292023DE4B960A9AD0B0E4F /* Frameworks */,
			);
			sourceTree = "<group>";
		};
		351E9454250A63E900A05B6D /* Products */ = {
			isa = PBXGroup;
			children = (
				351E9453250A63E900A05B6D /* VBrowser.app */,
			);
			name = Products;
			sourceTree = "<group>";
		};
		351E9455250A63E900A05B6D /* VBrowser */ = {
			isa = PBXGroup;
			children = (
				351E9497250AB92400A05B6D /* Utilities */,
				351E9471250A65D400A05B6D /* AppDelegates */,
				351E9470250A65D400A05B6D /* Extensions */,
				351E946A250A65D400A05B6D /* Features */,
				351E946B250A65D400A05B6D /* Storyboards */,
				351E9474250A65D400A05B6D /* SupportingFiles */,
			);
			path = VBrowser;
			sourceTree = "<group>";
		};
		351E946A250A65D400A05B6D /* Features */ = {
			isa = PBXGroup;
			children = (
				351E949E250BBAFC00A05B6D /* BottomSheet */,
				351E9492250AABEE00A05B6D /* Models */,
				351E9485250A6C0F00A05B6D /* Tabs */,
				351E9481250A674200A05B6D /* Bookmarks */,
				351E947E250A674200A05B6D /* Browser */,
			);
			path = Features;
			sourceTree = "<group>";
		};
		351E946B250A65D400A05B6D /* Storyboards */ = {
			isa = PBXGroup;
			children = (
				351E946C250A65D400A05B6D /* LaunchScreen.storyboard */,
				351E946E250A65D400A05B6D /* Main.storyboard */,
			);
			path = Storyboards;
			sourceTree = "<group>";
		};
		351E9470250A65D400A05B6D /* Extensions */ = {
			isa = PBXGroup;
			children = (
				351E948A250A6C7400A05B6D /* UIColor+ColorConstants.swift */,
			);
			path = Extensions;
			sourceTree = "<group>";
		};
		351E9471250A65D400A05B6D /* AppDelegates */ = {
			isa = PBXGroup;
			children = (
				351E9472250A65D400A05B6D /* AppDelegate.swift */,
				351E9473250A65D400A05B6D /* SceneDelegate.swift */,
			);
			path = AppDelegates;
			sourceTree = "<group>";
		};
		351E9474250A65D400A05B6D /* SupportingFiles */ = {
			isa = PBXGroup;
			children = (
				351E9475250A65D400A05B6D /* Assets.xcassets */,
				351E9476250A65D400A05B6D /* Info.plist */,
			);
			path = SupportingFiles;
			sourceTree = "<group>";
		};
		351E947E250A674200A05B6D /* Browser */ = {
			isa = PBXGroup;
			children = (
				351E9483250A6BB900A05B6D /* BrowserViewController.swift */,
			);
			path = Browser;
			sourceTree = "<group>";
		};
		351E9481250A674200A05B6D /* Bookmarks */ = {
			isa = PBXGroup;
			children = (
				351E948F250A9D6B00A05B6D /* BookmarkTableViewCell */,
				351E9488250A6C4400A05B6D /* BookmarkViewController.swift */,
			);
			path = Bookmarks;
			sourceTree = "<group>";
		};
		351E9485250A6C0F00A05B6D /* Tabs */ = {
			isa = PBXGroup;
			children = (
				351E948C250A9D0200A05B6D /* TabTableViewCell */,
				351E9486250A6C3100A05B6D /* BrowserTabViewController.swift */,
			);
			path = Tabs;
			sourceTree = "<group>";
		};
		351E948C250A9D0200A05B6D /* TabTableViewCell */ = {
			isa = PBXGroup;
			children = (
				351E948D250A9D2700A05B6D /* TabTableViewCell.swift */,
			);
			path = TabTableViewCell;
			sourceTree = "<group>";
		};
		351E948F250A9D6B00A05B6D /* BookmarkTableViewCell */ = {
			isa = PBXGroup;
			children = (
				351E9490250A9D7D00A05B6D /* BookmarkTableViewCell.swift */,
			);
			path = BookmarkTableViewCell;
			sourceTree = "<group>";
		};
		351E9492250AABEE00A05B6D /* Models */ = {
			isa = PBXGroup;
			children = (
				351E9493250AAC0100A05B6D /* Tab.swift */,
				351E9495250AB19B00A05B6D /* Bookmark.swift */,
			);
			path = Models;
			sourceTree = "<group>";
		};
		351E9497250AB92400A05B6D /* Utilities */ = {
			isa = PBXGroup;
			children = (
				351E9498250AB93700A05B6D /* Constants.swift */,
				351E949A250AC06300A05B6D /* BrowserHelpers.swift */,
			);
			path = Utilities;
			sourceTree = "<group>";
		};
		351E949E250BBAFC00A05B6D /* BottomSheet */ = {
			isa = PBXGroup;
			children = (
				351E949F250BBB1800A05B6D /* BottomSheetCell */,
			);
			path = BottomSheet;
			sourceTree = "<group>";
		};
		351E949F250BBB1800A05B6D /* BottomSheetCell */ = {
			isa = PBXGroup;
			children = (
				351E94A0250BBB3500A05B6D /* BottomSheetTableViewCell.swift */,
				351E94A1250BBB3500A05B6D /* BottomSheetTableViewCell.xib */,
			);
			path = BottomSheetCell;
			sourceTree = "<group>";
		};
		A292023DE4B960A9AD0B0E4F /* Frameworks */ = {
			isa = PBXGroup;
			children = (
				BBFDD35515A1D6F9E1DF62A2 /* Pods_VBrowser.framework */,
			);
			name = Frameworks;
			sourceTree = "<group>";
		};
/* End PBXGroup section */

/* Begin PBXNativeTarget section */
		351E9452250A63E900A05B6D /* VBrowser */ = {
			isa = PBXNativeTarget;
			buildConfigurationList = 351E9467250A63EC00A05B6D /* Build configuration list for PBXNativeTarget "VBrowser" */;
			buildPhases = (
				D5786DCD08D201D71EB4CB03 /* [CP] Check Pods Manifest.lock */,
				351E944F250A63E900A05B6D /* Sources */,
				351E9450250A63E900A05B6D /* Frameworks */,
				351E9451250A63E900A05B6D /* Resources */,
				E64AB4643791880F03525CAE /* [CP] Embed Pods Frameworks */,
			);
			buildRules = (
			);
			dependencies = (
			);
			name = VBrowser;
			productName = VBrowser;
			productReference = 351E9453250A63E900A05B6D /* VBrowser.app */;
			productType = "com.apple.product-type.application";
		};
/* End PBXNativeTarget section */

/* Begin PBXProject section */
		351E944B250A63E900A05B6D /* Project object */ = {
			isa = PBXProject;
			attributes = {
				LastSwiftUpdateCheck = 1160;
				LastUpgradeCheck = 1160;
				ORGANIZATIONNAME = VB;
				TargetAttributes = {
					351E9452250A63E900A05B6D = {
						CreatedOnToolsVersion = 11.6;
					};
				};
			};
			buildConfigurationList = 351E944E250A63E900A05B6D /* Build configuration list for PBXProject "VBrowser" */;
			compatibilityVersion = "Xcode 9.3";
			developmentRegion = en;
			hasScannedForEncodings = 0;
			knownRegions = (
				en,
				Base,
			);
			mainGroup = 351E944A250A63E900A05B6D;
			productRefGroup = 351E9454250A63E900A05B6D /* Products */;
			projectDirPath = "";
			projectRoot = "";
			targets = (
				351E9452250A63E900A05B6D /* VBrowser */,
			);
		};
/* End PBXProject section */

/* Begin PBXResourcesBuildPhase section */
		351E9451250A63E900A05B6D /* Resources */ = {
			isa = PBXResourcesBuildPhase;
			buildActionMask = 2147483647;
			files = (
				351E9477250A65D400A05B6D /* LaunchScreen.storyboard in Resources */,
				351E947B250A65D400A05B6D /* Assets.xcassets in Resources */,
				351E94A3250BBB3500A05B6D /* BottomSheetTableViewCell.xib in Resources */,
				351E9478250A65D400A05B6D /* Main.storyboard in Resources */,
			);
			runOnlyForDeploymentPostprocessing = 0;
		};
/* End PBXResourcesBuildPhase section */

/* Begin PBXShellScriptBuildPhase section */
		D5786DCD08D201D71EB4CB03 /* [CP] Check Pods Manifest.lock */ = {
			isa = PBXShellScriptBuildPhase;
			buildActionMask = 2147483647;
			files = (
			);
			inputFileListPaths = (
			);
			inputPaths = (
				"${PODS_PODFILE_DIR_PATH}/Podfile.lock",
				"${PODS_ROOT}/Manifest.lock",
			);
			name = "[CP] Check Pods Manifest.lock";
			outputFileListPaths = (
			);
			outputPaths = (
				"$(DERIVED_FILE_DIR)/Pods-VBrowser-checkManifestLockResult.txt",
			);
			runOnlyForDeploymentPostprocessing = 0;
			shellPath = /bin/sh;
			shellScript = "diff \"${PODS_PODFILE_DIR_PATH}/Podfile.lock\" \"${PODS_ROOT}/Manifest.lock\" > /dev/null\nif [ $? != 0 ] ; then\n    # print error to STDERR\n    echo \"error: The sandbox is not in sync with the Podfile.lock. Run 'pod install' or update your CocoaPods installation.\" >&2\n    exit 1\nfi\n# This output is used by Xcode 'outputs' to avoid re-running this script phase.\necho \"SUCCESS\" > \"${SCRIPT_OUTPUT_FILE_0}\"\n";
			showEnvVarsInLog = 0;
		};
		E64AB4643791880F03525CAE /* [CP] Embed Pods Frameworks */ = {
			isa = PBXShellScriptBuildPhase;
			buildActionMask = 2147483647;
			files = (
			);
			inputFileListPaths = (
				"${PODS_ROOT}/Target Support Files/Pods-VBrowser/Pods-VBrowser-frameworks-${CONFIGURATION}-input-files.xcfilelist",
			);
			name = "[CP] Embed Pods Frameworks";
			outputFileListPaths = (
				"${PODS_ROOT}/Target Support Files/Pods-VBrowser/Pods-VBrowser-frameworks-${CONFIGURATION}-output-files.xcfilelist",
			);
			runOnlyForDeploymentPostprocessing = 0;
			shellPath = /bin/sh;
			shellScript = "\"${PODS_ROOT}/Target Support Files/Pods-VBrowser/Pods-VBrowser-frameworks.sh\"\n";
			showEnvVarsInLog = 0;
		};
/* End PBXShellScriptBuildPhase section */

/* Begin PBXSourcesBuildPhase section */
		351E944F250A63E900A05B6D /* Sources */ = {
			isa = PBXSourcesBuildPhase;
			buildActionMask = 2147483647;
			files = (
				351E948E250A9D2700A05B6D /* TabTableViewCell.swift in Sources */,
				351E9499250AB93700A05B6D /* Constants.swift in Sources */,
				351E9479250A65D400A05B6D /* AppDelegate.swift in Sources */,
				351E9484250A6BB900A05B6D /* BrowserViewController.swift in Sources */,
				351E947A250A65D400A05B6D /* SceneDelegate.swift in Sources */,
				351E9487250A6C3100A05B6D /* BrowserTabViewController.swift in Sources */,
				351E949B250AC06300A05B6D /* BrowserHelpers.swift in Sources */,
				351E9496250AB19B00A05B6D /* Bookmark.swift in Sources */,
				351E9489250A6C4400A05B6D /* BookmarkViewController.swift in Sources */,
				351E9494250AAC0100A05B6D /* Tab.swift in Sources */,
				351E948B250A6C7400A05B6D /* UIColor+ColorConstants.swift in Sources */,
				351E9491250A9D7D00A05B6D /* BookmarkTableViewCell.swift in Sources */,
				351E94A2250BBB3500A05B6D /* BottomSheetTableViewCell.swift in Sources */,
			);
			runOnlyForDeploymentPostprocessing = 0;
		};
/* End PBXSourcesBuildPhase section */

/* Begin PBXVariantGroup section */
		351E946C250A65D400A05B6D /* LaunchScreen.storyboard */ = {
			isa = PBXVariantGroup;
			children = (
				351E946D250A65D400A05B6D /* Base */,
			);
			name = LaunchScreen.storyboard;
			sourceTree = "<group>";
		};
		351E946E250A65D400A05B6D /* Main.storyboard */ = {
			isa = PBXVariantGroup;
			children = (
				351E946F250A65D400A05B6D /* Base */,
			);
			name = Main.storyboard;
			sourceTree = "<group>";
		};
/* End PBXVariantGroup section */

/* Begin XCBuildConfiguration section */
		351E9465250A63EC00A05B6D /* Debug */ = {
			isa = XCBuildConfiguration;
			buildSettings = {
				ALWAYS_SEARCH_USER_PATHS = NO;
				CLANG_ANALYZER_NONNULL = YES;
				CLANG_ANALYZER_NUMBER_OBJECT_CONVERSION = YES_AGGRESSIVE;
				CLANG_CXX_LANGUAGE_STANDARD = "gnu++14";
				CLANG_CXX_LIBRARY = "libc++";
				CLANG_ENABLE_MODULES = YES;
				CLANG_ENABLE_OBJC_ARC = YES;
				CLANG_ENABLE_OBJC_WEAK = YES;
				CLANG_WARN_BLOCK_CAPTURE_AUTORELEASING = YES;
				CLANG_WARN_BOOL_CONVERSION = YES;
				CLANG_WARN_COMMA = YES;
				CLANG_WARN_CONSTANT_CONVERSION = YES;
				CLANG_WARN_DEPRECATED_OBJC_IMPLEMENTATIONS = YES;
				CLANG_WARN_DIRECT_OBJC_ISA_USAGE = YES_ERROR;
				CLANG_WARN_DOCUMENTATION_COMMENTS = YES;
				CLANG_WARN_EMPTY_BODY = YES;
				CLANG_WARN_ENUM_CONVERSION = YES;
				CLANG_WARN_INFINITE_RECURSION = YES;
				CLANG_WARN_INT_CONVERSION = YES;
				CLANG_WARN_NON_LITERAL_NULL_CONVERSION = YES;
				CLANG_WARN_OBJC_IMPLICIT_RETAIN_SELF = YES;
				CLANG_WARN_OBJC_LITERAL_CONVERSION = YES;
				CLANG_WARN_OBJC_ROOT_CLASS = YES_ERROR;
				CLANG_WARN_RANGE_LOOP_ANALYSIS = YES;
				CLANG_WARN_STRICT_PROTOTYPES = YES;
				CLANG_WARN_SUSPICIOUS_MOVE = YES;
				CLANG_WARN_UNGUARDED_AVAILABILITY = YES_AGGRESSIVE;
				CLANG_WARN_UNREACHABLE_CODE = YES;
				CLANG_WARN__DUPLICATE_METHOD_MATCH = YES;
				COPY_PHASE_STRIP = NO;
				DEBUG_INFORMATION_FORMAT = dwarf;
				ENABLE_STRICT_OBJC_MSGSEND = YES;
				ENABLE_TESTABILITY = YES;
				GCC_C_LANGUAGE_STANDARD = gnu11;
				GCC_DYNAMIC_NO_PIC = NO;
				GCC_NO_COMMON_BLOCKS = YES;
				GCC_OPTIMIZATION_LEVEL = 0;
				GCC_PREPROCESSOR_DEFINITIONS = (
					"DEBUG=1",
					"$(inherited)",
				);
				GCC_WARN_64_TO_32_BIT_CONVERSION = YES;
				GCC_WARN_ABOUT_RETURN_TYPE = YES_ERROR;
				GCC_WARN_UNDECLARED_SELECTOR = YES;
				GCC_WARN_UNINITIALIZED_AUTOS = YES_AGGRESSIVE;
				GCC_WARN_UNUSED_FUNCTION = YES;
				GCC_WARN_UNUSED_VARIABLE = YES;
				IPHONEOS_DEPLOYMENT_TARGET = 11.0;
				MTL_ENABLE_DEBUG_INFO = INCLUDE_SOURCE;
				MTL_FAST_MATH = YES;
				ONLY_ACTIVE_ARCH = YES;
				SDKROOT = iphoneos;
				SWIFT_ACTIVE_COMPILATION_CONDITIONS = DEBUG;
				SWIFT_OPTIMIZATION_LEVEL = "-Onone";
			};
			name = Debug;
		};
		351E9466250A63EC00A05B6D /* Release */ = {
			isa = XCBuildConfiguration;
			buildSettings = {
				ALWAYS_SEARCH_USER_PATHS = NO;
				CLANG_ANALYZER_NONNULL = YES;
				CLANG_ANALYZER_NUMBER_OBJECT_CONVERSION = YES_AGGRESSIVE;
				CLANG_CXX_LANGUAGE_STANDARD = "gnu++14";
				CLANG_CXX_LIBRARY = "libc++";
				CLANG_ENABLE_MODULES = YES;
				CLANG_ENABLE_OBJC_ARC = YES;
				CLANG_ENABLE_OBJC_WEAK = YES;
				CLANG_WARN_BLOCK_CAPTURE_AUTORELEASING = YES;
				CLANG_WARN_BOOL_CONVERSION = YES;
				CLANG_WARN_COMMA = YES;
				CLANG_WARN_CONSTANT_CONVERSION = YES;
				CLANG_WARN_DEPRECATED_OBJC_IMPLEMENTATIONS = YES;
				CLANG_WARN_DIRECT_OBJC_ISA_USAGE = YES_ERROR;
				CLANG_WARN_DOCUMENTATION_COMMENTS = YES;
				CLANG_WARN_EMPTY_BODY = YES;
				CLANG_WARN_ENUM_CONVERSION = YES;
				CLANG_WARN_INFINITE_RECURSION = YES;
				CLANG_WARN_INT_CONVERSION = YES;
				CLANG_WARN_NON_LITERAL_NULL_CONVERSION = YES;
				CLANG_WARN_OBJC_IMPLICIT_RETAIN_SELF = YES;
				CLANG_WARN_OBJC_LITERAL_CONVERSION = YES;
				CLANG_WARN_OBJC_ROOT_CLASS = YES_ERROR;
				CLANG_WARN_RANGE_LOOP_ANALYSIS = YES;
				CLANG_WARN_STRICT_PROTOTYPES = YES;
				CLANG_WARN_SUSPICIOUS_MOVE = YES;
				CLANG_WARN_UNGUARDED_AVAILABILITY = YES_AGGRESSIVE;
				CLANG_WARN_UNREACHABLE_CODE = YES;
				CLANG_WARN__DUPLICATE_METHOD_MATCH = YES;
				COPY_PHASE_STRIP = NO;
				DEBUG_INFORMATION_FORMAT = "dwarf-with-dsym";
				ENABLE_NS_ASSERTIONS = NO;
				ENABLE_STRICT_OBJC_MSGSEND = YES;
				GCC_C_LANGUAGE_STANDARD = gnu11;
				GCC_NO_COMMON_BLOCKS = YES;
				GCC_WARN_64_TO_32_BIT_CONVERSION = YES;
				GCC_WARN_ABOUT_RETURN_TYPE = YES_ERROR;
				GCC_WARN_UNDECLARED_SELECTOR = YES;
				GCC_WARN_UNINITIALIZED_AUTOS = YES_AGGRESSIVE;
				GCC_WARN_UNUSED_FUNCTION = YES;
				GCC_WARN_UNUSED_VARIABLE = YES;
				IPHONEOS_DEPLOYMENT_TARGET = 11.0;
				MTL_ENABLE_DEBUG_INFO = NO;
				MTL_FAST_MATH = YES;
				SDKROOT = iphoneos;
				SWIFT_COMPILATION_MODE = wholemodule;
				SWIFT_OPTIMIZATION_LEVEL = "-O";
				VALIDATE_PRODUCT = YES;
			};
			name = Release;
		};
		351E9468250A63EC00A05B6D /* Debug */ = {
			isa = XCBuildConfiguration;
			baseConfigurationReference = FA3C01A04B433B9DAADB4713 /* Pods-VBrowser.debug.xcconfig */;
			buildSettings = {
				CODE_SIGN_STYLE = Manual;
				DEVELOPMENT_TEAM = "";
				INFOPLIST_FILE = VBrowser/SupportingFiles/Info.plist;
				IPHONEOS_DEPLOYMENT_TARGET = 11.0;
				LD_RUNPATH_SEARCH_PATHS = (
					"$(inherited)",
					"@executable_path/Frameworks",
				);
				PRODUCT_BUNDLE_IDENTIFIER = VB.VBrowser;
				PRODUCT_NAME = "$(TARGET_NAME)";
				PROVISIONING_PROFILE_SPECIFIER = "";
				SWIFT_VERSION = 5.0;
				TARGETED_DEVICE_FAMILY = "1,2";
			};
			name = Debug;
		};
		351E9469250A63EC00A05B6D /* Release */ = {
			isa = XCBuildConfiguration;
			baseConfigurationReference = 70E39F554A1517ECF67435A0 /* Pods-VBrowser.release.xcconfig */;
			buildSettings = {
				CODE_SIGN_STYLE = Manual;
				DEVELOPMENT_TEAM = "";
				INFOPLIST_FILE = VBrowser/SupportingFiles/Info.plist;
				IPHONEOS_DEPLOYMENT_TARGET = 11.0;
				LD_RUNPATH_SEARCH_PATHS = (
					"$(inherited)",
					"@executable_path/Frameworks",
				);
				PRODUCT_BUNDLE_IDENTIFIER = VB.VBrowser;
				PRODUCT_NAME = "$(TARGET_NAME)";
				PROVISIONING_PROFILE_SPECIFIER = "";
				SWIFT_VERSION = 5.0;
				TARGETED_DEVICE_FAMILY = "1,2";
			};
			name = Release;
		};
/* End XCBuildConfiguration section */

/* Begin XCConfigurationList section */
		351E944E250A63E900A05B6D /* Build configuration list for PBXProject "VBrowser" */ = {
			isa = XCConfigurationList;
			buildConfigurations = (
				351E9465250A63EC00A05B6D /* Debug */,
				351E9466250A63EC00A05B6D /* Release */,
			);
			defaultConfigurationIsVisible = 0;
			defaultConfigurationName = Release;
		};
		351E9467250A63EC00A05B6D /* Build configuration list for PBXNativeTarget "VBrowser" */ = {
			isa = XCConfigurationList;
			buildConfigurations = (
				351E9468250A63EC00A05B6D /* Debug */,
				351E9469250A63EC00A05B6D /* Release */,
			);
			defaultConfigurationIsVisible = 0;
			defaultConfigurationName = Release;
		};
/* End XCConfigurationList section */
	};
	rootObject = 351E944B250A63E900A05B6D /* Project object */;
}
